
Microsoft Visual Studio Solution File, Format Version 12.00
# Visual Studio 2013
VisualStudioVersion = 12.0.40629.0
MinimumVisualStudioVersion = 10.0.40219.1
Project("{FAE04EC0-301F-11D3-BF4B-00C04F79EFBC}") = "SignalRNotify", "SignalRNotify\SignalRNotify.csproj", "{ED01632E-9A2B-45DC-889E-86950DC6309F}"
EndProject
Project("{2150E333-8FDC-42A3-9474-1A3956D46DE8}") = "PublishScripts", "PublishScripts", "{8FDEFA41-53AF-4814-8EFF-AF6ED5A87980}"
	ProjectSection(SolutionItems) = preProject
		PublishScripts\AzureWebsitePublishModule.psm1 = PublishScripts\AzureWebsitePublishModule.psm1
		PublishScripts\Publish-WebApplicationWebsite.ps1 = PublishScripts\Publish-WebApplicationWebsite.ps1
	EndProjectSection
EndProject
Project("{2150E333-8FDC-42A3-9474-1A3956D46DE8}") = "Configurations", "Configurations", "{226FB217-C039-4FC2-B552-A0CF358DD73A}"
	ProjectSection(SolutionItems) = preProject
		PublishScripts\Configurations\SignalRNotify-WAWS-dev.json = PublishScripts\Configurations\SignalRNotify-WAWS-dev.json
	EndProjectSection
EndProject
Global
	GlobalSection(SolutionConfigurationPlatforms) = preSolution
		Debug|Any CPU = Debug|Any CPU
		Release|Any CPU = Release|Any CPU
	EndGlobalSection
	GlobalSection(ProjectConfigurationPlatforms) = postSolution
		{ED01632E-9A2B-45DC-889E-86950DC6309F}.Debug|Any CPU.ActiveCfg = Debug|Any CPU
		{ED01632E-9A2B-45DC-889E-86950DC6309F}.Debug|Any CPU.Build.0 = Debug|Any CPU
		{ED01632E-9A2B-45DC-889E-86950DC6309F}.Release|Any CPU.ActiveCfg = Release|Any CPU
		{ED01632E-9A2B-45DC-889E-86950DC6309F}.Release|Any CPU.Build.0 = Release|Any CPU
	EndGlobalSection
	GlobalSection(SolutionProperties) = preSolution
		HideSolutionNode = FALSE
	EndGlobalSection
	GlobalSection(NestedProjects) = preSolution
		{226FB217-C039-4FC2-B552-A0CF358DD73A} = {8FDEFA41-53AF-4814-8EFF-AF6ED5A87980}
	EndGlobalSection
EndGlobal
